
Microsoft Visual Studio Solution File, Format Version 12.00
# Visual Studio 15
VisualStudioVersion = 15.0.28307.960
MinimumVisualStudioVersion = 10.0.40219.1
Project("{9A19103F-16F7-4668-BE54-9A1E7A4F7556}") = "BaseMari", "BaseMari\BaseMari.csproj", "{DB733FE3-B5DD-44DD-A3D3-8E4998B405AD}"
EndProject
Project("{9A19103F-16F7-4668-BE54-9A1E7A4F7556}") = "BaseMari_Entidades", "BaseMari_Entidades\BaseMari_Entidades.csproj", "{6F1BF4F7-DB0A-4DAC-A072-CA882855DD05}"
EndProject
Project("{9A19103F-16F7-4668-BE54-9A1E7A4F7556}") = "BaseMari_LAD", "BaseMari_LAD\BaseMari_LAD.csproj", "{07E37904-E865-47E2-9B40-E00134B00FF1}"
EndProject
Project("{9A19103F-16F7-4668-BE54-9A1E7A4F7556}") = "BaseMari_LN", "BaseMari_LN\BaseMari_LN.csproj", "{23C6E301-9732-4444-8487-89E7554B6A56}"
EndProject
Project("{FAE04EC0-301F-11D3-BF4B-00C04F79EFBC}") = "BaseMari_FrontEnd", "BaseMari_FrontEnd\BaseMari_FrontEnd.csproj", "{65391476-DCAA-4CDC-A5F8-A17EBAC77D2A}"
EndProject
Global
	GlobalSection(SolutionConfigurationPlatforms) = preSolution
		Debug|Any CPU = Debug|Any CPU
		Release|Any CPU = Release|Any CPU
	EndGlobalSection
	GlobalSection(ProjectConfigurationPlatforms) = postSolution
		{DB733FE3-B5DD-44DD-A3D3-8E4998B405AD}.Debug|Any CPU.ActiveCfg = Debug|Any CPU
		{DB733FE3-B5DD-44DD-A3D3-8E4998B405AD}.Debug|Any CPU.Build.0 = Debug|Any CPU
		{DB733FE3-B5DD-44DD-A3D3-8E4998B405AD}.Release|Any CPU.ActiveCfg = Release|Any CPU
		{DB733FE3-B5DD-44DD-A3D3-8E4998B405AD}.Release|Any CPU.Build.0 = Release|Any CPU
		{6F1BF4F7-DB0A-4DAC-A072-CA882855DD05}.Debug|Any CPU.ActiveCfg = Debug|Any CPU
		{6F1BF4F7-DB0A-4DAC-A072-CA882855DD05}.Debug|Any CPU.Build.0 = Debug|Any CPU
		{6F1BF4F7-DB0A-4DAC-A072-CA882855DD05}.Release|Any CPU.ActiveCfg = Release|Any CPU
		{6F1BF4F7-DB0A-4DAC-A072-CA882855DD05}.Release|Any CPU.Build.0 = Release|Any CPU
		{07E37904-E865-47E2-9B40-E00134B00FF1}.Debug|Any CPU.ActiveCfg = Debug|Any CPU
		{07E37904-E865-47E2-9B40-E00134B00FF1}.Debug|Any CPU.Build.0 = Debug|Any CPU
		{07E37904-E865-47E2-9B40-E00134B00FF1}.Release|Any CPU.ActiveCfg = Release|Any CPU
		{07E37904-E865-47E2-9B40-E00134B00FF1}.Release|Any CPU.Build.0 = Release|Any CPU
		{23C6E301-9732-4444-8487-89E7554B6A56}.Debug|Any CPU.ActiveCfg = Debug|Any CPU
		{23C6E301-9732-4444-8487-89E7554B6A56}.Debug|Any CPU.Build.0 = Debug|Any CPU
		{23C6E301-9732-4444-8487-89E7554B6A56}.Release|Any CPU.ActiveCfg = Release|Any CPU
		{23C6E301-9732-4444-8487-89E7554B6A56}.Release|Any CPU.Build.0 = Release|Any CPU
		{65391476-DCAA-4CDC-A5F8-A17EBAC77D2A}.Debug|Any CPU.ActiveCfg = Debug|Any CPU
		{65391476-DCAA-4CDC-A5F8-A17EBAC77D2A}.Debug|Any CPU.Build.0 = Debug|Any CPU
		{65391476-DCAA-4CDC-A5F8-A17EBAC77D2A}.Release|Any CPU.ActiveCfg = Release|Any CPU
		{65391476-DCAA-4CDC-A5F8-A17EBAC77D2A}.Release|Any CPU.Build.0 = Release|Any CPU
	EndGlobalSection
	GlobalSection(SolutionProperties) = preSolution
		HideSolutionNode = FALSE
	EndGlobalSection
	GlobalSection(ExtensibilityGlobals) = postSolution
		SolutionGuid = {7C36D4D3-B53D-4E12-B22D-55A589CDF59E}
	EndGlobalSection
EndGlobal
